
Microsoft Visual Studio Solution File, Format Version 12.00
Project("{FAE04EC0-301F-11D3-BF4B-00C04F79EFBC}") = "PokemonAPi", "PokemonAPi\PokemonAPi.csproj", "{F4C1319C-D56A-4F65-91D8-96B8124344FF}"
EndProject
Global
	GlobalSection(SolutionConfigurationPlatforms) = preSolution
		Debug|Any CPU = Debug|Any CPU
		Release|Any CPU = Release|Any CPU
	EndGlobalSection
	GlobalSection(ProjectConfigurationPlatforms) = postSolution
		{F4C1319C-D56A-4F65-91D8-96B8124344FF}.Debug|Any CPU.ActiveCfg = Debug|Any CPU
		{F4C1319C-D56A-4F65-91D8-96B8124344FF}.Debug|Any CPU.Build.0 = Debug|Any CPU
		{F4C1319C-D56A-4F65-91D8-96B8124344FF}.Release|Any CPU.ActiveCfg = Release|Any CPU
		{F4C1319C-D56A-4F65-91D8-96B8124344FF}.Release|Any CPU.Build.0 = Release|Any CPU
	EndGlobalSection
EndGlobal
